# THIS IS AN AUTOGENERATED FILE. DO NOT EDIT THIS FILE DIRECTLY.
# yarn lockfile v1


"@tsconfig/node10@^1.0.7":
  version "1.0.7"
  resolved "https://registry.nlark.com/@tsconfig/node10/download/@tsconfig/node10-1.0.7.tgz#1eb1de36c73478a2479cc661ef5af1c16d86d606"
  integrity sha1-HrHeNsc0eKJHnMZh71rxwW2G1gY=

"@tsconfig/node12@^1.0.7":
  version "1.0.7"
  resolved "https://registry.npm.taobao.org/@tsconfig/node12/download/@tsconfig/node12-1.0.7.tgz#677bd9117e8164dc319987dd6ff5fc1ba6fbf18b"
  integrity sha1-Z3vZEX6BZNwxmYfdb/X8G6b78Ys=

"@tsconfig/node14@^1.0.0":
  version "1.0.0"
  resolved "https://registry.npm.taobao.org/@tsconfig/node14/download/@tsconfig/node14-1.0.0.tgz#5bd046e508b1ee90bc091766758838741fdefd6e"
  integrity sha1-W9BG5Qix7pC8CRdmdYg4dB/e/W4=

"@tsconfig/node16@^1.0.1":
  version "1.0.1"
  resolved "https://registry.nlark.com/@tsconfig/node16/download/@tsconfig/node16-1.0.1.tgz#a6ca6a9a0ff366af433f42f5f0e124794ff6b8f1"
  integrity sha1-pspqmg/zZq9DP0L18OEkeU/2uPE=

arg@^4.1.0:
  version "4.1.3"
  resolved "https://registry.npm.taobao.org/arg/download/arg-4.1.3.tgz#269fc7ad5b8e42cb63c896d5666017261c144089"
  integrity sha1-Jp/HrVuOQstjyJbVZmAXJhwUQIk=

buffer-from@^1.0.0:
  version "1.1.1"
  resolved "https://registry.nlark.com/buffer-from/download/buffer-from-1.1.1.tgz#32713bc028f75c02fdb710d7c7bcec1f2c6070ef"
  integrity sha1-MnE7wCj3XAL9txDXx7zsHyxgcO8=

create-require@^1.1.0:
  version "1.1.1"
  resolved "https://registry.npm.taobao.org/create-require/download/create-require-1.1.1.tgz#c1d7e8f1e5f6cfc9ff65f9cd352d37348756c333"
  integrity sha1-wdfo8eX2z8n/ZfnNNS03NIdWwzM=

diff@^4.0.1:
  version "4.0.2"
  resolved "https://registry.npm.taobao.org/diff/download/diff-4.0.2.tgz#60f3aecb89d5fae520c11aa19efc2bb982aade7d"
  integrity sha1-YPOuy4nV+uUgwRqhnvwruYKq3n0=

emitter-component@^1.1.1:
  version "1.1.1"
  resolved "https://registry.npm.taobao.org/emitter-component/download/emitter-component-1.1.1.tgz#065e2dbed6959bf470679edabeaf7981d1003ab6"
  integrity sha1-Bl4tvtaVm/RwZ57avq95gdEAOrY=

"js-tokens@^3.0.0 || ^4.0.0":
  version "4.0.0"
  resolved "https://registry.nlark.com/js-tokens/download/js-tokens-4.0.0.tgz#19203fb59991df98e3a287050d4647cdeaf32499"
  integrity sha1-GSA/tZmR35jjoocFDUZHzerzJJk=

loose-envify@^1.1.0:
  version "1.4.0"
  resolved "https://registry.nlark.com/loose-envify/download/loose-envify-1.4.0.tgz#71ee51fa7be4caec1a63839f7e682d8132d30caf"
  integrity sha1-ce5R+nvkyuwaY4OffmgtgTLTDK8=
  dependencies:
    js-tokens "^3.0.0 || ^4.0.0"

make-error@^1.1.1:
  version "1.3.6"
  resolved "https://registry.nlark.com/make-error/download/make-error-1.3.6.tgz#2eb2e37ea9b67c4891f684a1394799af484cf7a2"
  integrity sha1-LrLjfqm2fEiR9oShOUeZr0hM96I=

object-assign@^4.1.1:
  version "4.1.1"
  resolved "https://registry.nlark.com/object-assign/download/object-assign-4.1.1.tgz?cache=0&sync_timestamp=1618847198142&other_urls=https%3A%2F%2Fregistry.nlark.com%2Fobject-assign%2Fdownload%2Fobject-assign-4.1.1.tgz#2109adc7965887cfc05cbbd442cac8bfbb360863"
  integrity sha1-IQmtx5ZYh8/AXLvUQsrIv7s2CGM=

prettier@^2.3.0:
  version "2.3.0"
  resolved "https://registry.nlark.com/prettier/download/prettier-2.3.0.tgz?cache=0&sync_timestamp=1620594183343&other_urls=https%3A%2F%2Fregistry.nlark.com%2Fprettier%2Fdownload%2Fprettier-2.3.0.tgz#b6a5bf1284026ae640f17f7ff5658a7567fc0d18"
  integrity sha1-tqW/EoQCauZA8X9/9WWKdWf8DRg=

react-dom@^17.0.2:
  version "17.0.2"
  resolved "https://registry.nlark.com/react-dom/download/react-dom-17.0.2.tgz?cache=0&sync_timestamp=1622219255396&other_urls=https%3A%2F%2Fregistry.nlark.com%2Freact-dom%2Fdownload%2Freact-dom-17.0.2.tgz#ecffb6845e3ad8dbfcdc498f0d0a939736502c23"
  integrity sha1-7P+2hF462Nv83EmPDQqTlzZQLCM=
  dependencies:
    loose-envify "^1.1.0"
    object-assign "^4.1.1"
    scheduler "^0.20.2"

react@^17.0.2:
  version "17.0.2"
  resolved "https://registry.nlark.com/react/download/react-17.0.2.tgz?cache=0&sync_timestamp=1622218911657&other_urls=https%3A%2F%2Fregistry.nlark.com%2Freact%2Fdownload%2Freact-17.0.2.tgz#d0b5cc516d29eb3eee383f75b62864cfb6800037"
  integrity sha1-0LXMUW0p6z7uOD91tihkz7aAADc=
  dependencies:
    loose-envify "^1.1.0"
    object-assign "^4.1.1"

scheduler@^0.20.2:
  version "0.20.2"
  resolved "https://registry.nlark.com/scheduler/download/scheduler-0.20.2.tgz?cache=0&sync_timestamp=1622218916514&other_urls=https%3A%2F%2Fregistry.nlark.com%2Fscheduler%2Fdownload%2Fscheduler-0.20.2.tgz#4baee39436e34aa93b4874bddcbf0fe8b8b50e91"
  integrity sha1-S67jlDbjSqk7SHS93L8P6Li1DpE=
  dependencies:
    loose-envify "^1.1.0"
    object-assign "^4.1.1"

source-map-support@^0.5.17:
  version "0.5.19"
  resolved "https://registry.npm.taobao.org/source-map-support/download/source-map-support-0.5.19.tgz#a98b62f86dcaf4f67399648c085291ab9e8fed61"
  integrity sha1-qYti+G3K9PZzmWSMCFKRq56P7WE=
  dependencies:
    buffer-from "^1.0.0"
    source-map "^0.6.0"

source-map@^0.6.0:
  version "0.6.1"
  resolved "https://registry.npm.taobao.org/source-map/download/source-map-0.6.1.tgz#74722af32e9614e9c287a8d0bbde48b5e2f1a263"
  integrity sha1-dHIq8y6WFOnCh6jQu95IteLxomM=

stream@^0.0.2:
  version "0.0.2"
  resolved "https://registry.npm.taobao.org/stream/download/stream-0.0.2.tgz#7f5363f057f6592c5595f00bc80a27f5cec1f0ef"
  integrity sha1-f1Nj8Ff2WSxVlfALyAon9c7B8O8=
  dependencies:
    emitter-component "^1.1.1"

ts-node@^10.0.0:
  version "10.0.0"
  resolved "https://registry.nlark.com/ts-node/download/ts-node-10.0.0.tgz?cache=0&sync_timestamp=1621798304685&other_urls=https%3A%2F%2Fregistry.nlark.com%2Fts-node%2Fdownload%2Fts-node-10.0.0.tgz#05f10b9a716b0b624129ad44f0ea05dac84ba3be"
  integrity sha1-BfELmnFrC2JBKa1E8OoF2shLo74=
  dependencies:
    "@tsconfig/node10" "^1.0.7"
    "@tsconfig/node12" "^1.0.7"
    "@tsconfig/node14" "^1.0.0"
    "@tsconfig/node16" "^1.0.1"
    arg "^4.1.0"
    create-require "^1.1.0"
    diff "^4.0.1"
    make-error "^1.1.1"
    source-map-support "^0.5.17"
    yn "3.1.1"

typescript@^4.3.2:
  version "4.3.2"
  resolved "https://registry.nlark.com/typescript/download/typescript-4.3.2.tgz#399ab18aac45802d6f2498de5054fcbbe716a805"
  integrity sha1-OZqxiqxFgC1vJJjeUFT8u+cWqAU=

yn@3.1.1:
  version "3.1.1"
  resolved "https://registry.npm.taobao.org/yn/download/yn-3.1.1.tgz#1e87401a09d767c1d5eab26a6e4c185182d2eb50"
  integrity sha1-HodAGgnXZ8HV6rJqbkwYUYLS61A=
